// !$*UTF8*$!
{
	archiveVersion = 1;
	classes = {
	};
	objectVersion = 55;
	objects = {

/* Begin PBXBuildFile section */
		800E89F83B3AA4570BC31348 /* Pods_SmartFitness_SmartFitnessUITests.framework in Frameworks */ = {isa = PBXBuildFile; fileRef = 3932541D697CA57B03D0C792 /* Pods_SmartFitness_SmartFitnessUITests.framework */; };
		8B06AE57DC4F1616E888BDD6 /* Pods_SmartFitnessTests.framework in Frameworks */ = {isa = PBXBuildFile; fileRef = CCA4F820CD5A24990F66B477 /* Pods_SmartFitnessTests.framework */; };
		B10E83F028FF39AD00AD4BAE /* HomeViewController.swift in Sources */ = {isa = PBXBuildFile; fileRef = B10E83EF28FF39AD00AD4BAE /* HomeViewController.swift */; };
		B10E83F428FF3D5B00AD4BAE /* Extension + NavigationBar.swift in Sources */ = {isa = PBXBuildFile; fileRef = B10E83F328FF3D5B00AD4BAE /* Extension + NavigationBar.swift */; };
		B10E83F628FF45BF00AD4BAE /* HomeViewModel.swift in Sources */ = {isa = PBXBuildFile; fileRef = B10E83F528FF45BF00AD4BAE /* HomeViewModel.swift */; };
		B10E83F828FF45F800AD4BAE /* WorkoutPlanModel.swift in Sources */ = {isa = PBXBuildFile; fileRef = B10E83F728FF45F800AD4BAE /* WorkoutPlanModel.swift */; };
		B10E83FA28FF4B4600AD4BAE /* TodayPlanCollectionViewCell.swift in Sources */ = {isa = PBXBuildFile; fileRef = B10E83F928FF4B4600AD4BAE /* TodayPlanCollectionViewCell.swift */; };
		B10E83FC28FF540700AD4BAE /* CategoriesViewController.swift in Sources */ = {isa = PBXBuildFile; fileRef = B10E83FB28FF540700AD4BAE /* CategoriesViewController.swift */; };
		B10E83FF28FF573100AD4BAE /* CategoriesTableViewCell.swift in Sources */ = {isa = PBXBuildFile; fileRef = B10E83FE28FF573100AD4BAE /* CategoriesTableViewCell.swift */; };
		B10E840128FF59A700AD4BAE /* CategoriesViewModel.swift in Sources */ = {isa = PBXBuildFile; fileRef = B10E840028FF59A700AD4BAE /* CategoriesViewModel.swift */; };
		B145555528F7474200A61987 /* AppDelegate.swift in Sources */ = {isa = PBXBuildFile; fileRef = B145555428F7474200A61987 /* AppDelegate.swift */; };
		B145555728F7474200A61987 /* SceneDelegate.swift in Sources */ = {isa = PBXBuildFile; fileRef = B145555628F7474200A61987 /* SceneDelegate.swift */; };
		B145555928F7474200A61987 /* OnBoardingViewController.swift in Sources */ = {isa = PBXBuildFile; fileRef = B145555828F7474200A61987 /* OnBoardingViewController.swift */; };
		B145555C28F7474200A61987 /* Main.storyboard in Resources */ = {isa = PBXBuildFile; fileRef = B145555A28F7474200A61987 /* Main.storyboard */; };
		B145555F28F7474200A61987 /* SmartFitness.xcdatamodeld in Sources */ = {isa = PBXBuildFile; fileRef = B145555D28F7474200A61987 /* SmartFitness.xcdatamodeld */; };
		B145556128F7474300A61987 /* Assets.xcassets in Resources */ = {isa = PBXBuildFile; fileRef = B145556028F7474300A61987 /* Assets.xcassets */; };
		B145556428F7474300A61987 /* LaunchScreen.storyboard in Resources */ = {isa = PBXBuildFile; fileRef = B145556228F7474300A61987 /* LaunchScreen.storyboard */; };
		B145556F28F7474300A61987 /* SmartFitnessTests.swift in Sources */ = {isa = PBXBuildFile; fileRef = B145556E28F7474300A61987 /* SmartFitnessTests.swift */; };
		B145557928F7474300A61987 /* SmartFitnessUITests.swift in Sources */ = {isa = PBXBuildFile; fileRef = B145557828F7474300A61987 /* SmartFitnessUITests.swift */; };
		B145557B28F7474300A61987 /* SmartFitnessUITestsLaunchTests.swift in Sources */ = {isa = PBXBuildFile; fileRef = B145557A28F7474300A61987 /* SmartFitnessUITestsLaunchTests.swift */; };
		B145558D28F747A500A61987 /* Storybordable.swift in Sources */ = {isa = PBXBuildFile; fileRef = B145558C28F747A500A61987 /* Storybordable.swift */; };
		B145559028F7524600A61987 /* Dynamic.swift in Sources */ = {isa = PBXBuildFile; fileRef = B145558F28F7524600A61987 /* Dynamic.swift */; };
		B145559428F753F600A61987 /* touchAnim.json in Resources */ = {isa = PBXBuildFile; fileRef = B145559328F753F600A61987 /* touchAnim.json */; };
		B147639E29004BFA0011FD0B /* ProfileViewController.swift in Sources */ = {isa = PBXBuildFile; fileRef = B147639D29004BFA0011FD0B /* ProfileViewController.swift */; };
		B160859628FDAFB900B1BB12 /* KeychainService.swift in Sources */ = {isa = PBXBuildFile; fileRef = B160859528FDAFB900B1BB12 /* KeychainService.swift */; };
		B160859B28FDCCF800B1BB12 /* ApiManager.swift in Sources */ = {isa = PBXBuildFile; fileRef = B160859A28FDCCF800B1BB12 /* ApiManager.swift */; };
		B180470628F760220017E389 /* Localizable.strings in Resources */ = {isa = PBXBuildFile; fileRef = B180470828F760220017E389 /* Localizable.strings */; };
		B180470C28F760F60017E389 /* Extension+String.swift in Sources */ = {isa = PBXBuildFile; fileRef = B180470B28F760F60017E389 /* Extension+String.swift */; };
		B180470E28F767970017E389 /* Extension+UIColor.swift in Sources */ = {isa = PBXBuildFile; fileRef = B180470D28F767970017E389 /* Extension+UIColor.swift */; };
		B180471028F7739E0017E389 /* SignInViewController.swift in Sources */ = {isa = PBXBuildFile; fileRef = B180470F28F7739E0017E389 /* SignInViewController.swift */; };
		B18CB0D528F81C7A00CEB8F2 /* GenderViewController.swift in Sources */ = {isa = PBXBuildFile; fileRef = B18CB0D428F81C7A00CEB8F2 /* GenderViewController.swift */; };
		B18CB0D728F826E300CEB8F2 /* YearsViewController.swift in Sources */ = {isa = PBXBuildFile; fileRef = B18CB0D628F826E300CEB8F2 /* YearsViewController.swift */; };
		B18CB0D928F8319800CEB8F2 /* WeightViewController.swift in Sources */ = {isa = PBXBuildFile; fileRef = B18CB0D828F8319800CEB8F2 /* WeightViewController.swift */; };
		B18CB0DB28F83C8C00CEB8F2 /* HeightViewController.swift in Sources */ = {isa = PBXBuildFile; fileRef = B18CB0DA28F83C8C00CEB8F2 /* HeightViewController.swift */; };
		B19F13BD2905870400CBF369 /* plankAnim.json in Resources */ = {isa = PBXBuildFile; fileRef = B19F13BC2905870400CBF369 /* plankAnim.json */; };
		B19F13BF290591A700CBF369 /* PlankaModel3.mlmodel in Sources */ = {isa = PBXBuildFile; fileRef = B19F13BE290591A700CBF369 /* PlankaModel3.mlmodel */; };
		B1A2539F290036CF00D6A405 /* MealDetectViewModel.swift in Sources */ = {isa = PBXBuildFile; fileRef = B1A2539E290036CF00D6A405 /* MealDetectViewModel.swift */; };
		B1A253A12900393200D6A405 /* MealDetectorViewController.swift in Sources */ = {isa = PBXBuildFile; fileRef = B1A253A02900393200D6A405 /* MealDetectorViewController.swift */; };
		B1AC77B129040FCE0014C573 /* VideoCapture.swift in Sources */ = {isa = PBXBuildFile; fileRef = B1AC77B029040FCE0014C573 /* VideoCapture.swift */; };
		B1AC77B3290413DD0014C573 /* TrainingViewController.swift in Sources */ = {isa = PBXBuildFile; fileRef = B1AC77B2290413DD0014C573 /* TrainingViewController.swift */; };
		B1AC77B5290419CB0014C573 /* Predictor.swift in Sources */ = {isa = PBXBuildFile; fileRef = B1AC77B4290419CB0014C573 /* Predictor.swift */; };
		B1AC77B829041C7B0014C573 /* PredictorDelegate.swift in Sources */ = {isa = PBXBuildFile; fileRef = B1AC77B729041C7B0014C573 /* PredictorDelegate.swift */; };
		B1BD100128FF5D5B009B77A9 /* Extension + NavBackButton.swift in Sources */ = {isa = PBXBuildFile; fileRef = B1BD100028FF5D5B009B77A9 /* Extension + NavBackButton.swift */; };
		B1D9836029002932003E3150 /* MealPlannerViewController.swift in Sources */ = {isa = PBXBuildFile; fileRef = B1D9835F29002932003E3150 /* MealPlannerViewController.swift */; };
		B1DD824A28F778F800EB5ACB /* SignUpViewController.swift in Sources */ = {isa = PBXBuildFile; fileRef = B1DD824928F778F800EB5ACB /* SignUpViewController.swift */; };
		F55D0DB6C6EF454B2D4242FB /* Pods_SmartFitness.framework in Frameworks */ = {isa = PBXBuildFile; fileRef = 4CDF63D79A1F39AD31358B45 /* Pods_SmartFitness.framework */; };
/* End PBXBuildFile section */

/* Begin PBXContainerItemProxy section */
		B145556B28F7474300A61987 /* PBXContainerItemProxy */ = {
			isa = PBXContainerItemProxy;
			containerPortal = B145554928F7474200A61987 /* Project object */;
			proxyType = 1;
			remoteGlobalIDString = B145555028F7474200A61987;
			remoteInfo = SmartFitness;
		};
		B145557528F7474300A61987 /* PBXContainerItemProxy */ = {
			isa = PBXContainerItemProxy;
			containerPortal = B145554928F7474200A61987 /* Project object */;
			proxyType = 1;
			remoteGlobalIDString = B145555028F7474200A61987;
			remoteInfo = SmartFitness;
		};
/* End PBXContainerItemProxy section */

/* Begin PBXFileReference section */
		0303932F9D0347A9B2D6F6F7 /* Pods-SmartFitness.release.xcconfig */ = {isa = PBXFileReference; includeInIndex = 1; lastKnownFileType = text.xcconfig; name = "Pods-SmartFitness.release.xcconfig"; path = "Target Support Files/Pods-SmartFitness/Pods-SmartFitness.release.xcconfig"; sourceTree = "<group>"; };
		0A7DAEE152DF1F5ABD22A383 /* Pods-SmartFitness-SmartFitnessUITests.release.xcconfig */ = {isa = PBXFileReference; includeInIndex = 1; lastKnownFileType = text.xcconfig; name = "Pods-SmartFitness-SmartFitnessUITests.release.xcconfig"; path = "Target Support Files/Pods-SmartFitness-SmartFitnessUITests/Pods-SmartFitness-SmartFitnessUITests.release.xcconfig"; sourceTree = "<group>"; };
		3932541D697CA57B03D0C792 /* Pods_SmartFitness_SmartFitnessUITests.framework */ = {isa = PBXFileReference; explicitFileType = wrapper.framework; includeInIndex = 0; path = Pods_SmartFitness_SmartFitnessUITests.framework; sourceTree = BUILT_PRODUCTS_DIR; };
		4CDF63D79A1F39AD31358B45 /* Pods_SmartFitness.framework */ = {isa = PBXFileReference; explicitFileType = wrapper.framework; includeInIndex = 0; path = Pods_SmartFitness.framework; sourceTree = BUILT_PRODUCTS_DIR; };
		6EE03C140A386C8F54BF4134 /* Pods-SmartFitnessTests.release.xcconfig */ = {isa = PBXFileReference; includeInIndex = 1; lastKnownFileType = text.xcconfig; name = "Pods-SmartFitnessTests.release.xcconfig"; path = "Target Support Files/Pods-SmartFitnessTests/Pods-SmartFitnessTests.release.xcconfig"; sourceTree = "<group>"; };
		968A9A9367C91C88CDE345D5 /* Pods-SmartFitness.debug.xcconfig */ = {isa = PBXFileReference; includeInIndex = 1; lastKnownFileType = text.xcconfig; name = "Pods-SmartFitness.debug.xcconfig"; path = "Target Support Files/Pods-SmartFitness/Pods-SmartFitness.debug.xcconfig"; sourceTree = "<group>"; };
		A195703A11176BA954D70B5D /* Pods-SmartFitness-SmartFitnessUITests.debug.xcconfig */ = {isa = PBXFileReference; includeInIndex = 1; lastKnownFileType = text.xcconfig; name = "Pods-SmartFitness-SmartFitnessUITests.debug.xcconfig"; path = "Target Support Files/Pods-SmartFitness-SmartFitnessUITests/Pods-SmartFitness-SmartFitnessUITests.debug.xcconfig"; sourceTree = "<group>"; };
		B10E83EF28FF39AD00AD4BAE /* HomeViewController.swift */ = {isa = PBXFileReference; lastKnownFileType = sourcecode.swift; path = HomeViewController.swift; sourceTree = "<group>"; };
		B10E83F328FF3D5B00AD4BAE /* Extension + NavigationBar.swift */ = {isa = PBXFileReference; lastKnownFileType = sourcecode.swift; path = "Extension + NavigationBar.swift"; sourceTree = "<group>"; };
		B10E83F528FF45BF00AD4BAE /* HomeViewModel.swift */ = {isa = PBXFileReference; lastKnownFileType = sourcecode.swift; path = HomeViewModel.swift; sourceTree = "<group>"; };
		B10E83F728FF45F800AD4BAE /* WorkoutPlanModel.swift */ = {isa = PBXFileReference; lastKnownFileType = sourcecode.swift; path = WorkoutPlanModel.swift; sourceTree = "<group>"; };
		B10E83F928FF4B4600AD4BAE /* TodayPlanCollectionViewCell.swift */ = {isa = PBXFileReference; lastKnownFileType = sourcecode.swift; path = TodayPlanCollectionViewCell.swift; sourceTree = "<group>"; };
		B10E83FB28FF540700AD4BAE /* CategoriesViewController.swift */ = {isa = PBXFileReference; lastKnownFileType = sourcecode.swift; path = CategoriesViewController.swift; sourceTree = "<group>"; };
		B10E83FE28FF573100AD4BAE /* CategoriesTableViewCell.swift */ = {isa = PBXFileReference; lastKnownFileType = sourcecode.swift; path = CategoriesTableViewCell.swift; sourceTree = "<group>"; };
		B10E840028FF59A700AD4BAE /* CategoriesViewModel.swift */ = {isa = PBXFileReference; lastKnownFileType = sourcecode.swift; path = CategoriesViewModel.swift; sourceTree = "<group>"; };
		B145555128F7474200A61987 /* SmartFitness.app */ = {isa = PBXFileReference; explicitFileType = wrapper.application; includeInIndex = 0; path = SmartFitness.app; sourceTree = BUILT_PRODUCTS_DIR; };
		B145555428F7474200A61987 /* AppDelegate.swift */ = {isa = PBXFileReference; lastKnownFileType = sourcecode.swift; path = AppDelegate.swift; sourceTree = "<group>"; };
		B145555628F7474200A61987 /* SceneDelegate.swift */ = {isa = PBXFileReference; lastKnownFileType = sourcecode.swift; path = SceneDelegate.swift; sourceTree = "<group>"; };
		B145555828F7474200A61987 /* OnBoardingViewController.swift */ = {isa = PBXFileReference; lastKnownFileType = sourcecode.swift; path = OnBoardingViewController.swift; sourceTree = "<group>"; };
		B145555B28F7474200A61987 /* Base */ = {isa = PBXFileReference; lastKnownFileType = file.storyboard; name = Base; path = Base.lproj/Main.storyboard; sourceTree = "<group>"; };
		B145555E28F7474200A61987 /* SmartFitness.xcdatamodel */ = {isa = PBXFileReference; lastKnownFileType = wrapper.xcdatamodel; path = SmartFitness.xcdatamodel; sourceTree = "<group>"; };
		B145556028F7474300A61987 /* Assets.xcassets */ = {isa = PBXFileReference; lastKnownFileType = folder.assetcatalog; path = Assets.xcassets; sourceTree = "<group>"; };
		B145556328F7474300A61987 /* Base */ = {isa = PBXFileReference; lastKnownFileType = file.storyboard; name = Base; path = Base.lproj/LaunchScreen.storyboard; sourceTree = "<group>"; };
		B145556528F7474300A61987 /* Info.plist */ = {isa = PBXFileReference; lastKnownFileType = text.plist.xml; path = Info.plist; sourceTree = "<group>"; };
		B145556A28F7474300A61987 /* SmartFitnessTests.xctest */ = {isa = PBXFileReference; explicitFileType = wrapper.cfbundle; includeInIndex = 0; path = SmartFitnessTests.xctest; sourceTree = BUILT_PRODUCTS_DIR; };
		B145556E28F7474300A61987 /* SmartFitnessTests.swift */ = {isa = PBXFileReference; lastKnownFileType = sourcecode.swift; path = SmartFitnessTests.swift; sourceTree = "<group>"; };
		B145557428F7474300A61987 /* SmartFitnessUITests.xctest */ = {isa = PBXFileReference; explicitFileType = wrapper.cfbundle; includeInIndex = 0; path = SmartFitnessUITests.xctest; sourceTree = BUILT_PRODUCTS_DIR; };
		B145557828F7474300A61987 /* SmartFitnessUITests.swift */ = {isa = PBXFileReference; lastKnownFileType = sourcecode.swift; path = SmartFitnessUITests.swift; sourceTree = "<group>"; };
		B145557A28F7474300A61987 /* SmartFitnessUITestsLaunchTests.swift */ = {isa = PBXFileReference; lastKnownFileType = sourcecode.swift; path = SmartFitnessUITestsLaunchTests.swift; sourceTree = "<group>"; };
		B145558C28F747A500A61987 /* Storybordable.swift */ = {isa = PBXFileReference; lastKnownFileType = sourcecode.swift; path = Storybordable.swift; sourceTree = "<group>"; };
		B145558F28F7524600A61987 /* Dynamic.swift */ = {isa = PBXFileReference; lastKnownFileType = sourcecode.swift; path = Dynamic.swift; sourceTree = "<group>"; };
		B145559328F753F600A61987 /* touchAnim.json */ = {isa = PBXFileReference; fileEncoding = 4; lastKnownFileType = text.json; path = touchAnim.json; sourceTree = "<group>"; };
		B145559528F75F2000A61987 /* ru */ = {isa = PBXFileReference; lastKnownFileType = text.plist.strings; name = ru; path = ru.lproj/Main.strings; sourceTree = "<group>"; };
		B145559628F75F2000A61987 /* ru */ = {isa = PBXFileReference; lastKnownFileType = text.plist.strings; name = ru; path = ru.lproj/LaunchScreen.strings; sourceTree = "<group>"; };
		B147639D29004BFA0011FD0B /* ProfileViewController.swift */ = {isa = PBXFileReference; lastKnownFileType = sourcecode.swift; path = ProfileViewController.swift; sourceTree = "<group>"; };
		B160859528FDAFB900B1BB12 /* KeychainService.swift */ = {isa = PBXFileReference; lastKnownFileType = sourcecode.swift; path = KeychainService.swift; sourceTree = "<group>"; };
		B160859A28FDCCF800B1BB12 /* ApiManager.swift */ = {isa = PBXFileReference; lastKnownFileType = sourcecode.swift; path = ApiManager.swift; sourceTree = "<group>"; };
		B180470728F760220017E389 /* en */ = {isa = PBXFileReference; lastKnownFileType = text.plist.strings; name = en; path = en.lproj/Localizable.strings; sourceTree = "<group>"; };
		B180470928F760240017E389 /* ru */ = {isa = PBXFileReference; lastKnownFileType = text.plist.strings; name = ru; path = ru.lproj/Localizable.strings; sourceTree = "<group>"; };
		B180470B28F760F60017E389 /* Extension+String.swift */ = {isa = PBXFileReference; lastKnownFileType = sourcecode.swift; path = "Extension+String.swift"; sourceTree = "<group>"; };
		B180470D28F767970017E389 /* Extension+UIColor.swift */ = {isa = PBXFileReference; lastKnownFileType = sourcecode.swift; path = "Extension+UIColor.swift"; sourceTree = "<group>"; };
		B180470F28F7739E0017E389 /* SignInViewController.swift */ = {isa = PBXFileReference; lastKnownFileType = sourcecode.swift; path = SignInViewController.swift; sourceTree = "<group>"; };
		B18CB0D428F81C7A00CEB8F2 /* GenderViewController.swift */ = {isa = PBXFileReference; lastKnownFileType = sourcecode.swift; path = GenderViewController.swift; sourceTree = "<group>"; };
		B18CB0D628F826E300CEB8F2 /* YearsViewController.swift */ = {isa = PBXFileReference; lastKnownFileType = sourcecode.swift; path = YearsViewController.swift; sourceTree = "<group>"; };
		B18CB0D828F8319800CEB8F2 /* WeightViewController.swift */ = {isa = PBXFileReference; lastKnownFileType = sourcecode.swift; path = WeightViewController.swift; sourceTree = "<group>"; };
		B18CB0DA28F83C8C00CEB8F2 /* HeightViewController.swift */ = {isa = PBXFileReference; lastKnownFileType = sourcecode.swift; path = HeightViewController.swift; sourceTree = "<group>"; };
		B19F13BC2905870400CBF369 /* plankAnim.json */ = {isa = PBXFileReference; fileEncoding = 4; lastKnownFileType = text.json; path = plankAnim.json; sourceTree = "<group>"; };
		B19F13BE290591A700CBF369 /* PlankaModel3.mlmodel */ = {isa = PBXFileReference; lastKnownFileType = file.mlmodel; path = PlankaModel3.mlmodel; sourceTree = "<group>"; };
		B1A2539E290036CF00D6A405 /* MealDetectViewModel.swift */ = {isa = PBXFileReference; lastKnownFileType = sourcecode.swift; path = MealDetectViewModel.swift; sourceTree = "<group>"; };
		B1A253A02900393200D6A405 /* MealDetectorViewController.swift */ = {isa = PBXFileReference; lastKnownFileType = sourcecode.swift; path = MealDetectorViewController.swift; sourceTree = "<group>"; };
		B1AC77B029040FCE0014C573 /* VideoCapture.swift */ = {isa = PBXFileReference; lastKnownFileType = sourcecode.swift; path = VideoCapture.swift; sourceTree = "<group>"; };
		B1AC77B2290413DD0014C573 /* TrainingViewController.swift */ = {isa = PBXFileReference; lastKnownFileType = sourcecode.swift; path = TrainingViewController.swift; sourceTree = "<group>"; };
		B1AC77B4290419CB0014C573 /* Predictor.swift */ = {isa = PBXFileReference; lastKnownFileType = sourcecode.swift; path = Predictor.swift; sourceTree = "<group>"; };
		B1AC77B729041C7B0014C573 /* PredictorDelegate.swift */ = {isa = PBXFileReference; lastKnownFileType = sourcecode.swift; path = PredictorDelegate.swift; sourceTree = "<group>"; };
		B1BD100028FF5D5B009B77A9 /* Extension + NavBackButton.swift */ = {isa = PBXFileReference; lastKnownFileType = sourcecode.swift; path = "Extension + NavBackButton.swift"; sourceTree = "<group>"; };
		B1D9835F29002932003E3150 /* MealPlannerViewController.swift */ = {isa = PBXFileReference; lastKnownFileType = sourcecode.swift; path = MealPlannerViewController.swift; sourceTree = "<group>"; };
		B1DD824928F778F800EB5ACB /* SignUpViewController.swift */ = {isa = PBXFileReference; lastKnownFileType = sourcecode.swift; path = SignUpViewController.swift; sourceTree = "<group>"; };
		B1DD824C28F77B8C00EB5ACB /* en */ = {isa = PBXFileReference; lastKnownFileType = text.plist.strings; name = en; path = en.lproj/Main.strings; sourceTree = "<group>"; };
		CCA4F820CD5A24990F66B477 /* Pods_SmartFitnessTests.framework */ = {isa = PBXFileReference; explicitFileType = wrapper.framework; includeInIndex = 0; path = Pods_SmartFitnessTests.framework; sourceTree = BUILT_PRODUCTS_DIR; };
		DB14B720D72CD0F851FCA8F9 /* Pods-SmartFitnessTests.debug.xcconfig */ = {isa = PBXFileReference; includeInIndex = 1; lastKnownFileType = text.xcconfig; name = "Pods-SmartFitnessTests.debug.xcconfig"; path = "Target Support Files/Pods-SmartFitnessTests/Pods-SmartFitnessTests.debug.xcconfig"; sourceTree = "<group>"; };
/* End PBXFileReference section */

/* Begin PBXFrameworksBuildPhase section */
		B145554E28F7474200A61987 /* Frameworks */ = {
			isa = PBXFrameworksBuildPhase;
			buildActionMask = 2147483647;
			files = (
				F55D0DB6C6EF454B2D4242FB /* Pods_SmartFitness.framework in Frameworks */,
			);
			runOnlyForDeploymentPostprocessing = 0;
		};
		B145556728F7474300A61987 /* Frameworks */ = {
			isa = PBXFrameworksBuildPhase;
			buildActionMask = 2147483647;
			files = (
				8B06AE57DC4F1616E888BDD6 /* Pods_SmartFitnessTests.framework in Frameworks */,
			);
			runOnlyForDeploymentPostprocessing = 0;
		};
		B145557128F7474300A61987 /* Frameworks */ = {
			isa = PBXFrameworksBuildPhase;
			buildActionMask = 2147483647;
			files = (
				800E89F83B3AA4570BC31348 /* Pods_SmartFitness_SmartFitnessUITests.framework in Frameworks */,
			);
			runOnlyForDeploymentPostprocessing = 0;
		};
/* End PBXFrameworksBuildPhase section */

/* Begin PBXGroup section */
		215780EBD0D447B7D5C1C165 /* Frameworks */ = {
			isa = PBXGroup;
			children = (
				4CDF63D79A1F39AD31358B45 /* Pods_SmartFitness.framework */,
				3932541D697CA57B03D0C792 /* Pods_SmartFitness_SmartFitnessUITests.framework */,
				CCA4F820CD5A24990F66B477 /* Pods_SmartFitnessTests.framework */,
			);
			name = Frameworks;
			sourceTree = "<group>";
		};
		B10E83ED28FF396600AD4BAE /* AuthControllers */ = {
			isa = PBXGroup;
			children = (
				B1DD824928F778F800EB5ACB /* SignUpViewController.swift */,
				B145555828F7474200A61987 /* OnBoardingViewController.swift */,
				B180470F28F7739E0017E389 /* SignInViewController.swift */,
			);
			path = AuthControllers;
			sourceTree = "<group>";
		};
		B10E83EE28FF399900AD4BAE /* HomeControllers */ = {
			isa = PBXGroup;
			children = (
				B10E83FD28FF571500AD4BAE /* Cells */,
				B10E83EF28FF39AD00AD4BAE /* HomeViewController.swift */,
				B10E83FB28FF540700AD4BAE /* CategoriesViewController.swift */,
			);
			path = HomeControllers;
			sourceTree = "<group>";
		};
		B10E83FD28FF571500AD4BAE /* Cells */ = {
			isa = PBXGroup;
			children = (
				B10E83F928FF4B4600AD4BAE /* TodayPlanCollectionViewCell.swift */,
				B10E83FE28FF573100AD4BAE /* CategoriesTableViewCell.swift */,
			);
			path = Cells;
			sourceTree = "<group>";
		};
		B145554828F7474200A61987 = {
			isa = PBXGroup;
			children = (
				B145555328F7474200A61987 /* SmartFitness */,
				B145556D28F7474300A61987 /* SmartFitnessTests */,
				B145557728F7474300A61987 /* SmartFitnessUITests */,
				B145555228F7474200A61987 /* Products */,
				F3AD2FBB3982A3BA458E5B9E /* Pods */,
				215780EBD0D447B7D5C1C165 /* Frameworks */,
			);
			sourceTree = "<group>";
		};
		B145555228F7474200A61987 /* Products */ = {
			isa = PBXGroup;
			children = (
				B145555128F7474200A61987 /* SmartFitness.app */,
				B145556A28F7474300A61987 /* SmartFitnessTests.xctest */,
				B145557428F7474300A61987 /* SmartFitnessUITests.xctest */,
			);
			name = Products;
			sourceTree = "<group>";
		};
		B145555328F7474200A61987 /* SmartFitness */ = {
			isa = PBXGroup;
			children = (
				B19F13BC2905870400CBF369 /* plankAnim.json */,
				B19F13BE290591A700CBF369 /* PlankaModel3.mlmodel */,
				B1AC77B629041C710014C573 /* Protocols */,
				B160859C28FDEB5800B1BB12 /* ViewControllers */,
				B160859728FDCC1A00B1BB12 /* API */,
				B145559128F753E400A61987 /* Resource */,
				B180470A28F760E90017E389 /* Extensions */,
				B160859428FDAFA700B1BB12 /* Services */,
				B145558828F7476600A61987 /* Models */,
				B145558728F7475D00A61987 /* ViewModels */,
				B145558928F7478700A61987 /* Views */,
				B145555428F7474200A61987 /* AppDelegate.swift */,
				B145555628F7474200A61987 /* SceneDelegate.swift */,
				B145556528F7474300A61987 /* Info.plist */,
				B145555D28F7474200A61987 /* SmartFitness.xcdatamodeld */,
			);
			path = SmartFitness;
			sourceTree = "<group>";
		};
		B145556D28F7474300A61987 /* SmartFitnessTests */ = {
			isa = PBXGroup;
			children = (
				B145556E28F7474300A61987 /* SmartFitnessTests.swift */,
			);
			path = SmartFitnessTests;
			sourceTree = "<group>";
		};
		B145557728F7474300A61987 /* SmartFitnessUITests */ = {
			isa = PBXGroup;
			children = (
				B145557828F7474300A61987 /* SmartFitnessUITests.swift */,
				B145557A28F7474300A61987 /* SmartFitnessUITestsLaunchTests.swift */,
			);
			path = SmartFitnessUITests;
			sourceTree = "<group>";
		};
		B145558728F7475D00A61987 /* ViewModels */ = {
			isa = PBXGroup;
			children = (
				B145558E28F7523F00A61987 /* Bindings */,
				B10E83F528FF45BF00AD4BAE /* HomeViewModel.swift */,
				B10E840028FF59A700AD4BAE /* CategoriesViewModel.swift */,
				B1A2539E290036CF00D6A405 /* MealDetectViewModel.swift */,
			);
			path = ViewModels;
			sourceTree = "<group>";
		};
		B145558828F7476600A61987 /* Models */ = {
			isa = PBXGroup;
			children = (
				B10E83F728FF45F800AD4BAE /* WorkoutPlanModel.swift */,
			);
			path = Models;
			sourceTree = "<group>";
		};
		B145558928F7478700A61987 /* Views */ = {
			isa = PBXGroup;
			children = (
				B145558A28F7478D00A61987 /* Stroyboards */,
			);
			path = Views;
			sourceTree = "<group>";
		};
		B145558A28F7478D00A61987 /* Stroyboards */ = {
			isa = PBXGroup;
			children = (
				B145556028F7474300A61987 /* Assets.xcassets */,
				B145555A28F7474200A61987 /* Main.storyboard */,
				B145556228F7474300A61987 /* LaunchScreen.storyboard */,
			);
			path = Stroyboards;
			sourceTree = "<group>";
		};
		B145558E28F7523F00A61987 /* Bindings */ = {
			isa = PBXGroup;
			children = (
				B145558F28F7524600A61987 /* Dynamic.swift */,
			);
			path = Bindings;
			sourceTree = "<group>";
		};
		B145559128F753E400A61987 /* Resource */ = {
			isa = PBXGroup;
			children = (
				B180470828F760220017E389 /* Localizable.strings */,
				B145559228F753ED00A61987 /* AnimJSON */,
			);
			path = Resource;
			sourceTree = "<group>";
		};
		B145559228F753ED00A61987 /* AnimJSON */ = {
			isa = PBXGroup;
			children = (
				B145559328F753F600A61987 /* touchAnim.json */,
			);
			path = AnimJSON;
			sourceTree = "<group>";
		};
		B147639C29004BE50011FD0B /* ProfileViewController */ = {
			isa = PBXGroup;
			children = (
				B147639D29004BFA0011FD0B /* ProfileViewController.swift */,
			);
			path = ProfileViewController;
			sourceTree = "<group>";
		};
		B160859428FDAFA700B1BB12 /* Services */ = {
			isa = PBXGroup;
			children = (
				B160859528FDAFB900B1BB12 /* KeychainService.swift */,
				B1AC77B029040FCE0014C573 /* VideoCapture.swift */,
				B1AC77B4290419CB0014C573 /* Predictor.swift */,
			);
			path = Services;
			sourceTree = "<group>";
		};
		B160859728FDCC1A00B1BB12 /* API */ = {
			isa = PBXGroup;
			children = (
				B160859928FDCCDD00B1BB12 /* Services */,
				B160859828FDCC2000B1BB12 /* Models */,
			);
			path = API;
			sourceTree = "<group>";
		};
		B160859828FDCC2000B1BB12 /* Models */ = {
			isa = PBXGroup;
			children = (
			);
			path = Models;
			sourceTree = "<group>";
		};
		B160859928FDCCDD00B1BB12 /* Services */ = {
			isa = PBXGroup;
			children = (
				B160859A28FDCCF800B1BB12 /* ApiManager.swift */,
			);
			path = Services;
			sourceTree = "<group>";
		};
		B160859C28FDEB5800B1BB12 /* ViewControllers */ = {
			isa = PBXGroup;
			children = (
				B147639C29004BE50011FD0B /* ProfileViewController */,
				B1D9835E29002919003E3150 /* MealPlannerController */,
				B160859D28FDEB6E00B1BB12 /* UserCharacteristicController */,
				B10E83ED28FF396600AD4BAE /* AuthControllers */,
				B10E83EE28FF399900AD4BAE /* HomeControllers */,
				B1AC77B2290413DD0014C573 /* TrainingViewController.swift */,
			);
			path = ViewControllers;
			sourceTree = "<group>";
		};
		B160859D28FDEB6E00B1BB12 /* UserCharacteristicController */ = {
			isa = PBXGroup;
			children = (
				B18CB0D428F81C7A00CEB8F2 /* GenderViewController.swift */,
				B18CB0D828F8319800CEB8F2 /* WeightViewController.swift */,
				B18CB0D628F826E300CEB8F2 /* YearsViewController.swift */,
				B18CB0DA28F83C8C00CEB8F2 /* HeightViewController.swift */,
			);
			path = UserCharacteristicController;
			sourceTree = "<group>";
		};
		B180470A28F760E90017E389 /* Extensions */ = {
			isa = PBXGroup;
			children = (
				B180470B28F760F60017E389 /* Extension+String.swift */,
				B180470D28F767970017E389 /* Extension+UIColor.swift */,
				B10E83F328FF3D5B00AD4BAE /* Extension + NavigationBar.swift */,
				B1BD100028FF5D5B009B77A9 /* Extension + NavBackButton.swift */,
			);
			path = Extensions;
			sourceTree = "<group>";
		};
		B1AC77B629041C710014C573 /* Protocols */ = {
			isa = PBXGroup;
			children = (
				B1AC77B729041C7B0014C573 /* PredictorDelegate.swift */,
				B145558C28F747A500A61987 /* Storybordable.swift */,
			);
			path = Protocols;
			sourceTree = "<group>";
		};
		B1D9835E29002919003E3150 /* MealPlannerController */ = {
			isa = PBXGroup;
			children = (
				B1D9835F29002932003E3150 /* MealPlannerViewController.swift */,
				B1A253A02900393200D6A405 /* MealDetectorViewController.swift */,
			);
			path = MealPlannerController;
			sourceTree = "<group>";
		};
		F3AD2FBB3982A3BA458E5B9E /* Pods */ = {
			isa = PBXGroup;
			children = (
				968A9A9367C91C88CDE345D5 /* Pods-SmartFitness.debug.xcconfig */,
				0303932F9D0347A9B2D6F6F7 /* Pods-SmartFitness.release.xcconfig */,
				A195703A11176BA954D70B5D /* Pods-SmartFitness-SmartFitnessUITests.debug.xcconfig */,
				0A7DAEE152DF1F5ABD22A383 /* Pods-SmartFitness-SmartFitnessUITests.release.xcconfig */,
				DB14B720D72CD0F851FCA8F9 /* Pods-SmartFitnessTests.debug.xcconfig */,
				6EE03C140A386C8F54BF4134 /* Pods-SmartFitnessTests.release.xcconfig */,
			);
			path = Pods;
			sourceTree = "<group>";
		};
/* End PBXGroup section */

/* Begin PBXNativeTarget section */
		B145555028F7474200A61987 /* SmartFitness */ = {
			isa = PBXNativeTarget;
			buildConfigurationList = B145557E28F7474300A61987 /* Build configuration list for PBXNativeTarget "SmartFitness" */;
			buildPhases = (
				25404977F94C36599ECE84BC /* [CP] Check Pods Manifest.lock */,
				B145554D28F7474200A61987 /* Sources */,
				B145554E28F7474200A61987 /* Frameworks */,
				B145554F28F7474200A61987 /* Resources */,
				CF86E5D995B6219F50E31CD2 /* [CP] Embed Pods Frameworks */,
			);
			buildRules = (
			);
			dependencies = (
			);
			name = SmartFitness;
			productName = SmartFitness;
			productReference = B145555128F7474200A61987 /* SmartFitness.app */;
			productType = "com.apple.product-type.application";
		};
		B145556928F7474300A61987 /* SmartFitnessTests */ = {
			isa = PBXNativeTarget;
			buildConfigurationList = B145558128F7474300A61987 /* Build configuration list for PBXNativeTarget "SmartFitnessTests" */;
			buildPhases = (
				112A860640136D9A6D7A757F /* [CP] Check Pods Manifest.lock */,
				B145556628F7474300A61987 /* Sources */,
				B145556728F7474300A61987 /* Frameworks */,
				B145556828F7474300A61987 /* Resources */,
			);
			buildRules = (
			);
			dependencies = (
				B145556C28F7474300A61987 /* PBXTargetDependency */,
			);
			name = SmartFitnessTests;
			productName = SmartFitnessTests;
			productReference = B145556A28F7474300A61987 /* SmartFitnessTests.xctest */;
			productType = "com.apple.product-type.bundle.unit-test";
		};
		B145557328F7474300A61987 /* SmartFitnessUITests */ = {
			isa = PBXNativeTarget;
			buildConfigurationList = B145558428F7474300A61987 /* Build configuration list for PBXNativeTarget "SmartFitnessUITests" */;
			buildPhases = (
				98501A6766248E223142D2D9 /* [CP] Check Pods Manifest.lock */,
				B145557028F7474300A61987 /* Sources */,
				B145557128F7474300A61987 /* Frameworks */,
				B145557228F7474300A61987 /* Resources */,
				08A840B8E9F058A6F10EA22D /* [CP] Embed Pods Frameworks */,
			);
			buildRules = (
			);
			dependencies = (
				B145557628F7474300A61987 /* PBXTargetDependency */,
			);
			name = SmartFitnessUITests;
			productName = SmartFitnessUITests;
			productReference = B145557428F7474300A61987 /* SmartFitnessUITests.xctest */;
			productType = "com.apple.product-type.bundle.ui-testing";
		};
/* End PBXNativeTarget section */

/* Begin PBXProject section */
		B145554928F7474200A61987 /* Project object */ = {
			isa = PBXProject;
			attributes = {
				BuildIndependentTargetsInParallel = 1;
				LastSwiftUpdateCheck = 1300;
				LastUpgradeCheck = 1300;
				TargetAttributes = {
					B145555028F7474200A61987 = {
						CreatedOnToolsVersion = 13.0;
					};
					B145556928F7474300A61987 = {
						CreatedOnToolsVersion = 13.0;
						TestTargetID = B145555028F7474200A61987;
					};
					B145557328F7474300A61987 = {
						CreatedOnToolsVersion = 13.0;
						TestTargetID = B145555028F7474200A61987;
					};
				};
			};
			buildConfigurationList = B145554C28F7474200A61987 /* Build configuration list for PBXProject "SmartFitness" */;
			compatibilityVersion = "Xcode 13.0";
			developmentRegion = en;
			hasScannedForEncodings = 0;
			knownRegions = (
				en,
				Base,
				ru,
			);
			mainGroup = B145554828F7474200A61987;
			productRefGroup = B145555228F7474200A61987 /* Products */;
			projectDirPath = "";
			projectRoot = "";
			targets = (
				B145555028F7474200A61987 /* SmartFitness */,
				B145556928F7474300A61987 /* SmartFitnessTests */,
				B145557328F7474300A61987 /* SmartFitnessUITests */,
			);
		};
/* End PBXProject section */

/* Begin PBXResourcesBuildPhase section */
		B145554F28F7474200A61987 /* Resources */ = {
			isa = PBXResourcesBuildPhase;
			buildActionMask = 2147483647;
			files = (
				B180470628F760220017E389 /* Localizable.strings in Resources */,
				B19F13BD2905870400CBF369 /* plankAnim.json in Resources */,
				B145556428F7474300A61987 /* LaunchScreen.storyboard in Resources */,
				B145556128F7474300A61987 /* Assets.xcassets in Resources */,
				B145555C28F7474200A61987 /* Main.storyboard in Resources */,
				B145559428F753F600A61987 /* touchAnim.json in Resources */,
			);
			runOnlyForDeploymentPostprocessing = 0;
		};
		B145556828F7474300A61987 /* Resources */ = {
			isa = PBXResourcesBuildPhase;
			buildActionMask = 2147483647;
			files = (
			);
			runOnlyForDeploymentPostprocessing = 0;
		};
		B145557228F7474300A61987 /* Resources */ = {
			isa = PBXResourcesBuildPhase;
			buildActionMask = 2147483647;
			files = (
			);
			runOnlyForDeploymentPostprocessing = 0;
		};
/* End PBXResourcesBuildPhase section */

/* Begin PBXShellScriptBuildPhase section */
		08A840B8E9F058A6F10EA22D /* [CP] Embed Pods Frameworks */ = {
			isa = PBXShellScriptBuildPhase;
			buildActionMask = 2147483647;
			files = (
			);
			inputFileListPaths = (
				"${PODS_ROOT}/Target Support Files/Pods-SmartFitness-SmartFitnessUITests/Pods-SmartFitness-SmartFitnessUITests-frameworks-${CONFIGURATION}-input-files.xcfilelist",
			);
			name = "[CP] Embed Pods Frameworks";
			outputFileListPaths = (
				"${PODS_ROOT}/Target Support Files/Pods-SmartFitness-SmartFitnessUITests/Pods-SmartFitness-SmartFitnessUITests-frameworks-${CONFIGURATION}-output-files.xcfilelist",
			);
			runOnlyForDeploymentPostprocessing = 0;
			shellPath = /bin/sh;
			shellScript = "\"${PODS_ROOT}/Target Support Files/Pods-SmartFitness-SmartFitnessUITests/Pods-SmartFitness-SmartFitnessUITests-frameworks.sh\"\n";
			showEnvVarsInLog = 0;
		};
		112A860640136D9A6D7A757F /* [CP] Check Pods Manifest.lock */ = {
			isa = PBXShellScriptBuildPhase;
			buildActionMask = 2147483647;
			files = (
			);
			inputFileListPaths = (
			);
			inputPaths = (
				"${PODS_PODFILE_DIR_PATH}/Podfile.lock",
				"${PODS_ROOT}/Manifest.lock",
			);
			name = "[CP] Check Pods Manifest.lock";
			outputFileListPaths = (
			);
			outputPaths = (
				"$(DERIVED_FILE_DIR)/Pods-SmartFitnessTests-checkManifestLockResult.txt",
			);
			runOnlyForDeploymentPostprocessing = 0;
			shellPath = /bin/sh;
			shellScript = "diff \"${PODS_PODFILE_DIR_PATH}/Podfile.lock\" \"${PODS_ROOT}/Manifest.lock\" > /dev/null\nif [ $? != 0 ] ; then\n    # print error to STDERR\n    echo \"error: The sandbox is not in sync with the Podfile.lock. Run 'pod install' or update your CocoaPods installation.\" >&2\n    exit 1\nfi\n# This output is used by Xcode 'outputs' to avoid re-running this script phase.\necho \"SUCCESS\" > \"${SCRIPT_OUTPUT_FILE_0}\"\n";
			showEnvVarsInLog = 0;
		};
		25404977F94C36599ECE84BC /* [CP] Check Pods Manifest.lock */ = {
			isa = PBXShellScriptBuildPhase;
			buildActionMask = 2147483647;
			files = (
			);
			inputFileListPaths = (
			);
			inputPaths = (
				"${PODS_PODFILE_DIR_PATH}/Podfile.lock",
				"${PODS_ROOT}/Manifest.lock",
			);
			name = "[CP] Check Pods Manifest.lock";
			outputFileListPaths = (
			);
			outputPaths = (
				"$(DERIVED_FILE_DIR)/Pods-SmartFitness-checkManifestLockResult.txt",
			);
			runOnlyForDeploymentPostprocessing = 0;
			shellPath = /bin/sh;
			shellScript = "diff \"${PODS_PODFILE_DIR_PATH}/Podfile.lock\" \"${PODS_ROOT}/Manifest.lock\" > /dev/null\nif [ $? != 0 ] ; then\n    # print error to STDERR\n    echo \"error: The sandbox is not in sync with the Podfile.lock. Run 'pod install' or update your CocoaPods installation.\" >&2\n    exit 1\nfi\n# This output is used by Xcode 'outputs' to avoid re-running this script phase.\necho \"SUCCESS\" > \"${SCRIPT_OUTPUT_FILE_0}\"\n";
			showEnvVarsInLog = 0;
		};
		98501A6766248E223142D2D9 /* [CP] Check Pods Manifest.lock */ = {
			isa = PBXShellScriptBuildPhase;
			buildActionMask = 2147483647;
			files = (
			);
			inputFileListPaths = (
			);
			inputPaths = (
				"${PODS_PODFILE_DIR_PATH}/Podfile.lock",
				"${PODS_ROOT}/Manifest.lock",
			);
			name = "[CP] Check Pods Manifest.lock";
			outputFileListPaths = (
			);
			outputPaths = (
				"$(DERIVED_FILE_DIR)/Pods-SmartFitness-SmartFitnessUITests-checkManifestLockResult.txt",
			);
			runOnlyForDeploymentPostprocessing = 0;
			shellPath = /bin/sh;
			shellScript = "diff \"${PODS_PODFILE_DIR_PATH}/Podfile.lock\" \"${PODS_ROOT}/Manifest.lock\" > /dev/null\nif [ $? != 0 ] ; then\n    # print error to STDERR\n    echo \"error: The sandbox is not in sync with the Podfile.lock. Run 'pod install' or update your CocoaPods installation.\" >&2\n    exit 1\nfi\n# This output is used by Xcode 'outputs' to avoid re-running this script phase.\necho \"SUCCESS\" > \"${SCRIPT_OUTPUT_FILE_0}\"\n";
			showEnvVarsInLog = 0;
		};
		CF86E5D995B6219F50E31CD2 /* [CP] Embed Pods Frameworks */ = {
			isa = PBXShellScriptBuildPhase;
			buildActionMask = 2147483647;
			files = (
			);
			inputFileListPaths = (
				"${PODS_ROOT}/Target Support Files/Pods-SmartFitness/Pods-SmartFitness-frameworks-${CONFIGURATION}-input-files.xcfilelist",
			);
			name = "[CP] Embed Pods Frameworks";
			outputFileListPaths = (
				"${PODS_ROOT}/Target Support Files/Pods-SmartFitness/Pods-SmartFitness-frameworks-${CONFIGURATION}-output-files.xcfilelist",
			);
			runOnlyForDeploymentPostprocessing = 0;
			shellPath = /bin/sh;
			shellScript = "\"${PODS_ROOT}/Target Support Files/Pods-SmartFitness/Pods-SmartFitness-frameworks.sh\"\n";
			showEnvVarsInLog = 0;
		};
/* End PBXShellScriptBuildPhase section */

/* Begin PBXSourcesBuildPhase section */
		B145554D28F7474200A61987 /* Sources */ = {
			isa = PBXSourcesBuildPhase;
			buildActionMask = 2147483647;
			files = (
				B19F13BF290591A700CBF369 /* PlankaModel3.mlmodel in Sources */,
				B1AC77B3290413DD0014C573 /* TrainingViewController.swift in Sources */,
				B1A2539F290036CF00D6A405 /* MealDetectViewModel.swift in Sources */,
				B1BD100128FF5D5B009B77A9 /* Extension + NavBackButton.swift in Sources */,
				B10E83F628FF45BF00AD4BAE /* HomeViewModel.swift in Sources */,
				B160859B28FDCCF800B1BB12 /* ApiManager.swift in Sources */,
				B145558D28F747A500A61987 /* Storybordable.swift in Sources */,
				B180470C28F760F60017E389 /* Extension+String.swift in Sources */,
				B10E83F028FF39AD00AD4BAE /* HomeViewController.swift in Sources */,
				B145559028F7524600A61987 /* Dynamic.swift in Sources */,
				B145555F28F7474200A61987 /* SmartFitness.xcdatamodeld in Sources */,
				B1AC77B829041C7B0014C573 /* PredictorDelegate.swift in Sources */,
				B1D9836029002932003E3150 /* MealPlannerViewController.swift in Sources */,
				B1A253A12900393200D6A405 /* MealDetectorViewController.swift in Sources */,
				B1DD824A28F778F800EB5ACB /* SignUpViewController.swift in Sources */,
				B18CB0DB28F83C8C00CEB8F2 /* HeightViewController.swift in Sources */,
				B147639E29004BFA0011FD0B /* ProfileViewController.swift in Sources */,
				B145555928F7474200A61987 /* OnBoardingViewController.swift in Sources */,
				B10E83FF28FF573100AD4BAE /* CategoriesTableViewCell.swift in Sources */,
				B1AC77B129040FCE0014C573 /* VideoCapture.swift in Sources */,
				B10E83F428FF3D5B00AD4BAE /* Extension + NavigationBar.swift in Sources */,
				B18CB0D528F81C7A00CEB8F2 /* GenderViewController.swift in Sources */,
				B10E83FC28FF540700AD4BAE /* CategoriesViewController.swift in Sources */,
				B160859628FDAFB900B1BB12 /* KeychainService.swift in Sources */,
				B1AC77B5290419CB0014C573 /* Predictor.swift in Sources */,
				B18CB0D728F826E300CEB8F2 /* YearsViewController.swift in Sources */,
				B10E83FA28FF4B4600AD4BAE /* TodayPlanCollectionViewCell.swift in Sources */,
				B180471028F7739E0017E389 /* SignInViewController.swift in Sources */,
				B145555528F7474200A61987 /* AppDelegate.swift in Sources */,
				B10E83F828FF45F800AD4BAE /* WorkoutPlanModel.swift in Sources */,
				B145555728F7474200A61987 /* SceneDelegate.swift in Sources */,
				B18CB0D928F8319800CEB8F2 /* WeightViewController.swift in Sources */,
				B10E840128FF59A700AD4BAE /* CategoriesViewModel.swift in Sources */,
				B180470E28F767970017E389 /* Extension+UIColor.swift in Sources */,
			);
			runOnlyForDeploymentPostprocessing = 0;
		};
		B145556628F7474300A61987 /* Sources */ = {
			isa = PBXSourcesBuildPhase;
			buildActionMask = 2147483647;
			files = (
				B145556F28F7474300A61987 /* SmartFitnessTests.swift in Sources */,
			);
			runOnlyForDeploymentPostprocessing = 0;
		};
		B145557028F7474300A61987 /* Sources */ = {
			isa = PBXSourcesBuildPhase;
			buildActionMask = 2147483647;
			files = (
				B145557928F7474300A61987 /* SmartFitnessUITests.swift in Sources */,
				B145557B28F7474300A61987 /* SmartFitnessUITestsLaunchTests.swift in Sources */,
			);
			runOnlyForDeploymentPostprocessing = 0;
		};
/* End PBXSourcesBuildPhase section */

/* Begin PBXTargetDependency section */
		B145556C28F7474300A61987 /* PBXTargetDependency */ = {
			isa = PBXTargetDependency;
			target = B145555028F7474200A61987 /* SmartFitness */;
			targetProxy = B145556B28F7474300A61987 /* PBXContainerItemProxy */;
		};
		B145557628F7474300A61987 /* PBXTargetDependency */ = {
			isa = PBXTargetDependency;
			target = B145555028F7474200A61987 /* SmartFitness */;
			targetProxy = B145557528F7474300A61987 /* PBXContainerItemProxy */;
		};
/* End PBXTargetDependency section */

/* Begin PBXVariantGroup section */
		B145555A28F7474200A61987 /* Main.storyboard */ = {
			isa = PBXVariantGroup;
			children = (
				B145555B28F7474200A61987 /* Base */,
				B145559528F75F2000A61987 /* ru */,
				B1DD824C28F77B8C00EB5ACB /* en */,
			);
			name = Main.storyboard;
			sourceTree = "<group>";
		};
		B145556228F7474300A61987 /* LaunchScreen.storyboard */ = {
			isa = PBXVariantGroup;
			children = (
				B145556328F7474300A61987 /* Base */,
				B145559628F75F2000A61987 /* ru */,
			);
			name = LaunchScreen.storyboard;
			sourceTree = "<group>";
		};
		B180470828F760220017E389 /* Localizable.strings */ = {
			isa = PBXVariantGroup;
			children = (
				B180470728F760220017E389 /* en */,
				B180470928F760240017E389 /* ru */,
			);
			name = Localizable.strings;
			sourceTree = "<group>";
		};
/* End PBXVariantGroup section */

/* Begin XCBuildConfiguration section */
		B145557C28F7474300A61987 /* Debug */ = {
			isa = XCBuildConfiguration;
			buildSettings = {
				ALWAYS_SEARCH_USER_PATHS = NO;
				CLANG_ANALYZER_LOCALIZABILITY_NONLOCALIZED = YES;
				CLANG_ANALYZER_NONNULL = YES;
				CLANG_ANALYZER_NUMBER_OBJECT_CONVERSION = YES_AGGRESSIVE;
				CLANG_CXX_LANGUAGE_STANDARD = "gnu++17";
				CLANG_CXX_LIBRARY = "libc++";
				CLANG_ENABLE_MODULES = YES;
				CLANG_ENABLE_OBJC_ARC = YES;
				CLANG_ENABLE_OBJC_WEAK = YES;
				CLANG_WARN_BLOCK_CAPTURE_AUTORELEASING = YES;
				CLANG_WARN_BOOL_CONVERSION = YES;
				CLANG_WARN_COMMA = YES;
				CLANG_WARN_CONSTANT_CONVERSION = YES;
				CLANG_WARN_DEPRECATED_OBJC_IMPLEMENTATIONS = YES;
				CLANG_WARN_DIRECT_OBJC_ISA_USAGE = YES_ERROR;
				CLANG_WARN_DOCUMENTATION_COMMENTS = YES;
				CLANG_WARN_EMPTY_BODY = YES;
				CLANG_WARN_ENUM_CONVERSION = YES;
				CLANG_WARN_INFINITE_RECURSION = YES;
				CLANG_WARN_INT_CONVERSION = YES;
				CLANG_WARN_NON_LITERAL_NULL_CONVERSION = YES;
				CLANG_WARN_OBJC_IMPLICIT_RETAIN_SELF = YES;
				CLANG_WARN_OBJC_LITERAL_CONVERSION = YES;
				CLANG_WARN_OBJC_ROOT_CLASS = YES_ERROR;
				CLANG_WARN_QUOTED_INCLUDE_IN_FRAMEWORK_HEADER = YES;
				CLANG_WARN_RANGE_LOOP_ANALYSIS = YES;
				CLANG_WARN_STRICT_PROTOTYPES = YES;
				CLANG_WARN_SUSPICIOUS_MOVE = YES;
				CLANG_WARN_UNGUARDED_AVAILABILITY = YES_AGGRESSIVE;
				CLANG_WARN_UNREACHABLE_CODE = YES;
				CLANG_WARN__DUPLICATE_METHOD_MATCH = YES;
				COPY_PHASE_STRIP = NO;
				DEBUG_INFORMATION_FORMAT = dwarf;
				ENABLE_STRICT_OBJC_MSGSEND = YES;
				ENABLE_TESTABILITY = YES;
				GCC_C_LANGUAGE_STANDARD = gnu11;
				GCC_DYNAMIC_NO_PIC = NO;
				GCC_NO_COMMON_BLOCKS = YES;
				GCC_OPTIMIZATION_LEVEL = 0;
				GCC_PREPROCESSOR_DEFINITIONS = (
					"DEBUG=1",
					"$(inherited)",
				);
				GCC_WARN_64_TO_32_BIT_CONVERSION = YES;
				GCC_WARN_ABOUT_RETURN_TYPE = YES_ERROR;
				GCC_WARN_UNDECLARED_SELECTOR = YES;
				GCC_WARN_UNINITIALIZED_AUTOS = YES_AGGRESSIVE;
				GCC_WARN_UNUSED_FUNCTION = YES;
				GCC_WARN_UNUSED_VARIABLE = YES;
				IPHONEOS_DEPLOYMENT_TARGET = 15.0;
				MTL_ENABLE_DEBUG_INFO = INCLUDE_SOURCE;
				MTL_FAST_MATH = YES;
				ONLY_ACTIVE_ARCH = YES;
				SDKROOT = iphoneos;
				STRIP_SWIFT_SYMBOLS = YES;
				SWIFT_ACTIVE_COMPILATION_CONDITIONS = DEBUG;
				SWIFT_OPTIMIZATION_LEVEL = "-Onone";
			};
			name = Debug;
		};
		B145557D28F7474300A61987 /* Release */ = {
			isa = XCBuildConfiguration;
			buildSettings = {
				ALWAYS_SEARCH_USER_PATHS = NO;
				CLANG_ANALYZER_LOCALIZABILITY_NONLOCALIZED = YES;
				CLANG_ANALYZER_NONNULL = YES;
				CLANG_ANALYZER_NUMBER_OBJECT_CONVERSION = YES_AGGRESSIVE;
				CLANG_CXX_LANGUAGE_STANDARD = "gnu++17";
				CLANG_CXX_LIBRARY = "libc++";
				CLANG_ENABLE_MODULES = YES;
				CLANG_ENABLE_OBJC_ARC = YES;
				CLANG_ENABLE_OBJC_WEAK = YES;
				CLANG_WARN_BLOCK_CAPTURE_AUTORELEASING = YES;
				CLANG_WARN_BOOL_CONVERSION = YES;
				CLANG_WARN_COMMA = YES;
				CLANG_WARN_CONSTANT_CONVERSION = YES;
				CLANG_WARN_DEPRECATED_OBJC_IMPLEMENTATIONS = YES;
				CLANG_WARN_DIRECT_OBJC_ISA_USAGE = YES_ERROR;
				CLANG_WARN_DOCUMENTATION_COMMENTS = YES;
				CLANG_WARN_EMPTY_BODY = YES;
				CLANG_WARN_ENUM_CONVERSION = YES;
				CLANG_WARN_INFINITE_RECURSION = YES;
				CLANG_WARN_INT_CONVERSION = YES;
				CLANG_WARN_NON_LITERAL_NULL_CONVERSION = YES;
				CLANG_WARN_OBJC_IMPLICIT_RETAIN_SELF = YES;
				CLANG_WARN_OBJC_LITERAL_CONVERSION = YES;
				CLANG_WARN_OBJC_ROOT_CLASS = YES_ERROR;
				CLANG_WARN_QUOTED_INCLUDE_IN_FRAMEWORK_HEADER = YES;
				CLANG_WARN_RANGE_LOOP_ANALYSIS = YES;
				CLANG_WARN_STRICT_PROTOTYPES = YES;
				CLANG_WARN_SUSPICIOUS_MOVE = YES;
				CLANG_WARN_UNGUARDED_AVAILABILITY = YES_AGGRESSIVE;
				CLANG_WARN_UNREACHABLE_CODE = YES;
				CLANG_WARN__DUPLICATE_METHOD_MATCH = YES;
				COPY_PHASE_STRIP = NO;
				DEBUG_INFORMATION_FORMAT = "dwarf-with-dsym";
				ENABLE_NS_ASSERTIONS = NO;
				ENABLE_STRICT_OBJC_MSGSEND = YES;
				GCC_C_LANGUAGE_STANDARD = gnu11;
				GCC_NO_COMMON_BLOCKS = YES;
				GCC_WARN_64_TO_32_BIT_CONVERSION = YES;
				GCC_WARN_ABOUT_RETURN_TYPE = YES_ERROR;
				GCC_WARN_UNDECLARED_SELECTOR = YES;
				GCC_WARN_UNINITIALIZED_AUTOS = YES_AGGRESSIVE;
				GCC_WARN_UNUSED_FUNCTION = YES;
				GCC_WARN_UNUSED_VARIABLE = YES;
				IPHONEOS_DEPLOYMENT_TARGET = 15.0;
				MTL_ENABLE_DEBUG_INFO = NO;
				MTL_FAST_MATH = YES;
				ONLY_ACTIVE_ARCH = YES;
				SDKROOT = iphoneos;
				STRIP_SWIFT_SYMBOLS = YES;
				SWIFT_COMPILATION_MODE = wholemodule;
				SWIFT_OPTIMIZATION_LEVEL = "-O";
				VALIDATE_PRODUCT = YES;
			};
			name = Release;
		};
		B145557F28F7474300A61987 /* Debug */ = {
			isa = XCBuildConfiguration;
			baseConfigurationReference = 968A9A9367C91C88CDE345D5 /* Pods-SmartFitness.debug.xcconfig */;
			buildSettings = {
				ASSETCATALOG_COMPILER_APPICON_NAME = AppIcon;
				ASSETCATALOG_COMPILER_GLOBAL_ACCENT_COLOR_NAME = AccentColor;
				CODE_SIGN_STYLE = Automatic;
				COPY_PHASE_STRIP = NO;
				CURRENT_PROJECT_VERSION = 1;
				DEVELOPMENT_TEAM = 25WYRVH429;
				GENERATE_INFOPLIST_FILE = YES;
				INFOPLIST_FILE = SmartFitness/Info.plist;
				INFOPLIST_KEY_NSCameraUsageDescription = "Для умных тренировок";
				INFOPLIST_KEY_UIApplicationSupportsIndirectInputEvents = YES;
				INFOPLIST_KEY_UILaunchStoryboardName = LaunchScreen;
				INFOPLIST_KEY_UIMainStoryboardFile = Main;
				INFOPLIST_KEY_UISupportedInterfaceOrientations_iPad = "UIInterfaceOrientationPortrait UIInterfaceOrientationPortraitUpsideDown UIInterfaceOrientationLandscapeLeft UIInterfaceOrientationLandscapeRight";
				INFOPLIST_KEY_UISupportedInterfaceOrientations_iPhone = "UIInterfaceOrientationPortrait UIInterfaceOrientationLandscapeLeft UIInterfaceOrientationLandscapeRight";
				LD_RUNPATH_SEARCH_PATHS = (
					"$(inherited)",
					"@executable_path/Frameworks",
				);
				MARKETING_VERSION = 1.0;
				PRODUCT_BUNDLE_IDENTIFIER = zradacore.SmartFitness;
				PRODUCT_NAME = "$(TARGET_NAME)";
				SWIFT_EMIT_LOC_STRINGS = YES;
				SWIFT_VERSION = 5.0;
				TARGETED_DEVICE_FAMILY = "1,2";
			};
			name = Debug;
		};
		B145558028F7474300A61987 /* Release */ = {
			isa = XCBuildConfiguration;
			baseConfigurationReference = 0303932F9D0347A9B2D6F6F7 /* Pods-SmartFitness.release.xcconfig */;
			buildSettings = {
				ASSETCATALOG_COMPILER_APPICON_NAME = AppIcon;
				ASSETCATALOG_COMPILER_GLOBAL_ACCENT_COLOR_NAME = AccentColor;
				CODE_SIGN_STYLE = Automatic;
				COPY_PHASE_STRIP = NO;
				CURRENT_PROJECT_VERSION = 1;
				DEVELOPMENT_TEAM = 25WYRVH429;
				GENERATE_INFOPLIST_FILE = YES;
				INFOPLIST_FILE = SmartFitness/Info.plist;
				INFOPLIST_KEY_NSCameraUsageDescription = "Для умных тренировок";
				INFOPLIST_KEY_UIApplicationSupportsIndirectInputEvents = YES;
				INFOPLIST_KEY_UILaunchStoryboardName = LaunchScreen;
				INFOPLIST_KEY_UIMainStoryboardFile = Main;
				INFOPLIST_KEY_UISupportedInterfaceOrientations_iPad = "UIInterfaceOrientationPortrait UIInterfaceOrientationPortraitUpsideDown UIInterfaceOrientationLandscapeLeft UIInterfaceOrientationLandscapeRight";
				INFOPLIST_KEY_UISupportedInterfaceOrientations_iPhone = "UIInterfaceOrientationPortrait UIInterfaceOrientationLandscapeLeft UIInterfaceOrientationLandscapeRight";
				LD_RUNPATH_SEARCH_PATHS = (
					"$(inherited)",
					"@executable_path/Frameworks",
				);
				MARKETING_VERSION = 1.0;
				PRODUCT_BUNDLE_IDENTIFIER = zradacore.SmartFitness;
				PRODUCT_NAME = "$(TARGET_NAME)";
				SWIFT_EMIT_LOC_STRINGS = YES;
				SWIFT_VERSION = 5.0;
				TARGETED_DEVICE_FAMILY = "1,2";
			};
			name = Release;
		};
		B145558228F7474300A61987 /* Debug */ = {
			isa = XCBuildConfiguration;
			baseConfigurationReference = DB14B720D72CD0F851FCA8F9 /* Pods-SmartFitnessTests.debug.xcconfig */;
			buildSettings = {
				ALWAYS_EMBED_SWIFT_STANDARD_LIBRARIES = YES;
				BUNDLE_LOADER = "$(TEST_HOST)";
				CODE_SIGN_STYLE = Automatic;
				CURRENT_PROJECT_VERSION = 1;
				DEVELOPMENT_TEAM = 25WYRVH429;
				GENERATE_INFOPLIST_FILE = YES;
				IPHONEOS_DEPLOYMENT_TARGET = 15.0;
				LD_RUNPATH_SEARCH_PATHS = (
					"$(inherited)",
					"@executable_path/Frameworks",
					"@loader_path/Frameworks",
				);
				MARKETING_VERSION = 1.0;
				PRODUCT_BUNDLE_IDENTIFIER = zradacore.SmartFitnessTests;
				PRODUCT_NAME = "$(TARGET_NAME)";
				SWIFT_EMIT_LOC_STRINGS = NO;
				SWIFT_VERSION = 5.0;
				TARGETED_DEVICE_FAMILY = "1,2";
				TEST_HOST = "$(BUILT_PRODUCTS_DIR)/SmartFitness.app/SmartFitness";
			};
			name = Debug;
		};
		B145558328F7474300A61987 /* Release */ = {
			isa = XCBuildConfiguration;
			baseConfigurationReference = 6EE03C140A386C8F54BF4134 /* Pods-SmartFitnessTests.release.xcconfig */;
			buildSettings = {
				ALWAYS_EMBED_SWIFT_STANDARD_LIBRARIES = YES;
				BUNDLE_LOADER = "$(TEST_HOST)";
				CODE_SIGN_STYLE = Automatic;
				CURRENT_PROJECT_VERSION = 1;
				DEVELOPMENT_TEAM = 25WYRVH429;
				GENERATE_INFOPLIST_FILE = YES;
				IPHONEOS_DEPLOYMENT_TARGET = 15.0;
				LD_RUNPATH_SEARCH_PATHS = (
					"$(inherited)",
					"@executable_path/Frameworks",
					"@loader_path/Frameworks",
				);
				MARKETING_VERSION = 1.0;
				PRODUCT_BUNDLE_IDENTIFIER = zradacore.SmartFitnessTests;
				PRODUCT_NAME = "$(TARGET_NAME)";
				SWIFT_EMIT_LOC_STRINGS = NO;
				SWIFT_VERSION = 5.0;
				TARGETED_DEVICE_FAMILY = "1,2";
				TEST_HOST = "$(BUILT_PRODUCTS_DIR)/SmartFitness.app/SmartFitness";
			};
			name = Release;
		};
		B145558528F7474300A61987 /* Debug */ = {
			isa = XCBuildConfiguration;
			baseConfigurationReference = A195703A11176BA954D70B5D /* Pods-SmartFitness-SmartFitnessUITests.debug.xcconfig */;
			buildSettings = {
				ALWAYS_EMBED_SWIFT_STANDARD_LIBRARIES = YES;
				CODE_SIGN_STYLE = Automatic;
				CURRENT_PROJECT_VERSION = 1;
				DEVELOPMENT_TEAM = 25WYRVH429;
				GENERATE_INFOPLIST_FILE = YES;
				LD_RUNPATH_SEARCH_PATHS = (
					"$(inherited)",
					"@executable_path/Frameworks",
					"@loader_path/Frameworks",
				);
				MARKETING_VERSION = 1.0;
				PRODUCT_BUNDLE_IDENTIFIER = zradacore.SmartFitnessUITests;
				PRODUCT_NAME = "$(TARGET_NAME)";
				SWIFT_EMIT_LOC_STRINGS = NO;
				SWIFT_VERSION = 5.0;
				TARGETED_DEVICE_FAMILY = "1,2";
				TEST_TARGET_NAME = SmartFitness;
			};
			name = Debug;
		};
		B145558628F7474300A61987 /* Release */ = {
			isa = XCBuildConfiguration;
			baseConfigurationReference = 0A7DAEE152DF1F5ABD22A383 /* Pods-SmartFitness-SmartFitnessUITests.release.xcconfig */;
			buildSettings = {
				ALWAYS_EMBED_SWIFT_STANDARD_LIBRARIES = YES;
				CODE_SIGN_STYLE = Automatic;
				CURRENT_PROJECT_VERSION = 1;
				DEVELOPMENT_TEAM = 25WYRVH429;
				GENERATE_INFOPLIST_FILE = YES;
				LD_RUNPATH_SEARCH_PATHS = (
					"$(inherited)",
					"@executable_path/Frameworks",
					"@loader_path/Frameworks",
				);
				MARKETING_VERSION = 1.0;
				PRODUCT_BUNDLE_IDENTIFIER = zradacore.SmartFitnessUITests;
				PRODUCT_NAME = "$(TARGET_NAME)";
				SWIFT_EMIT_LOC_STRINGS = NO;
				SWIFT_VERSION = 5.0;
				TARGETED_DEVICE_FAMILY = "1,2";
				TEST_TARGET_NAME = SmartFitness;
			};
			name = Release;
		};
/* End XCBuildConfiguration section */

/* Begin XCConfigurationList section */
		B145554C28F7474200A61987 /* Build configuration list for PBXProject "SmartFitness" */ = {
			isa = XCConfigurationList;
			buildConfigurations = (
				B145557C28F7474300A61987 /* Debug */,
				B145557D28F7474300A61987 /* Release */,
			);
			defaultConfigurationIsVisible = 0;
			defaultConfigurationName = Release;
		};
		B145557E28F7474300A61987 /* Build configuration list for PBXNativeTarget "SmartFitness" */ = {
			isa = XCConfigurationList;
			buildConfigurations = (
				B145557F28F7474300A61987 /* Debug */,
				B145558028F7474300A61987 /* Release */,
			);
			defaultConfigurationIsVisible = 0;
			defaultConfigurationName = Release;
		};
		B145558128F7474300A61987 /* Build configuration list for PBXNativeTarget "SmartFitnessTests" */ = {
			isa = XCConfigurationList;
			buildConfigurations = (
				B145558228F7474300A61987 /* Debug */,
				B145558328F7474300A61987 /* Release */,
			);
			defaultConfigurationIsVisible = 0;
			defaultConfigurationName = Release;
		};
		B145558428F7474300A61987 /* Build configuration list for PBXNativeTarget "SmartFitnessUITests" */ = {
			isa = XCConfigurationList;
			buildConfigurations = (
				B145558528F7474300A61987 /* Debug */,
				B145558628F7474300A61987 /* Release */,
			);
			defaultConfigurationIsVisible = 0;
			defaultConfigurationName = Release;
		};
/* End XCConfigurationList section */

/* Begin XCVersionGroup section */
		B145555D28F7474200A61987 /* SmartFitness.xcdatamodeld */ = {
			isa = XCVersionGroup;
			children = (
				B145555E28F7474200A61987 /* SmartFitness.xcdatamodel */,
			);
			currentVersion = B145555E28F7474200A61987 /* SmartFitness.xcdatamodel */;
			path = SmartFitness.xcdatamodeld;
			sourceTree = "<group>";
			versionGroupType = wrapper.xcdatamodel;
		};
/* End XCVersionGroup section */
	};
	rootObject = B145554928F7474200A61987 /* Project object */;
}
